
Microsoft Visual Studio Solution File, Format Version 12.00
# Visual Studio Version 17
VisualStudioVersion = 17.11.35303.130
MinimumVisualStudioVersion = 10.0.40219.1
Project("{FAE04EC0-301F-11D3-BF4B-00C04F79EFBC}") = "Opakovani WPF", "Opakovani WPF\Opakovani WPF.csproj", "{06238580-2C52-48A4-9DF7-D0F1B6A91918}"
EndProject
Global
	GlobalSection(SolutionConfigurationPlatforms) = preSolution
		Debug|Any CPU = Debug|Any CPU
		Release|Any CPU = Release|Any CPU
	EndGlobalSection
	GlobalSection(ProjectConfigurationPlatforms) = postSolution
		{06238580-2C52-48A4-9DF7-D0F1B6A91918}.Debug|Any CPU.ActiveCfg = Debug|Any CPU
		{06238580-2C52-48A4-9DF7-D0F1B6A91918}.Debug|Any CPU.Build.0 = Debug|Any CPU
		{06238580-2C52-48A4-9DF7-D0F1B6A91918}.Release|Any CPU.ActiveCfg = Release|Any CPU
		{06238580-2C52-48A4-9DF7-D0F1B6A91918}.Release|Any CPU.Build.0 = Release|Any CPU
	EndGlobalSection
	GlobalSection(SolutionProperties) = preSolution
		HideSolutionNode = FALSE
	EndGlobalSection
	GlobalSection(ExtensibilityGlobals) = postSolution
		SolutionGuid = {05428A0B-4A65-49CA-8FC3-484F638870A2}
	EndGlobalSection
EndGlobal
